// !$*UTF8*$!
{
	archiveVersion = 1;
	classes = {
	};
	objectVersion = 56;
	objects = {

/* Begin PBXBuildFile section */
		41631B152C4569EC00C3861E /* CoinCapApp.swift in Sources */ = {isa = PBXBuildFile; fileRef = 41631B142C4569EC00C3861E /* CoinCapApp.swift */; };
		41631B172C4569EC00C3861E /* AssetListView.swift in Sources */ = {isa = PBXBuildFile; fileRef = 41631B162C4569EC00C3861E /* AssetListView.swift */; };
		41631B192C4569ED00C3861E /* Assets.xcassets in Resources */ = {isa = PBXBuildFile; fileRef = 41631B182C4569ED00C3861E /* Assets.xcassets */; };
		41631B1C2C4569ED00C3861E /* Preview Assets.xcassets in Resources */ = {isa = PBXBuildFile; fileRef = 41631B1B2C4569ED00C3861E /* Preview Assets.xcassets */; };
		41631B242C456B5300C3861E /* ComposableArchitecture in Frameworks */ = {isa = PBXBuildFile; productRef = 41631B232C456B5300C3861E /* ComposableArchitecture */; };
		41631B272C456C3600C3861E /* Asset.swift in Sources */ = {isa = PBXBuildFile; fileRef = 41631B262C456C3600C3861E /* Asset.swift */; };
		41631B2D2C456DFA00C3861E /* APIError.swift in Sources */ = {isa = PBXBuildFile; fileRef = 41631B2C2C456DFA00C3861E /* APIError.swift */; };
		41631B2F2C45738000C3861E /* NetworkService.swift in Sources */ = {isa = PBXBuildFile; fileRef = 41631B2E2C45738000C3861E /* NetworkService.swift */; };
		41631B312C4573C300C3861E /* Endpoint.swift in Sources */ = {isa = PBXBuildFile; fileRef = 41631B302C4573C300C3861E /* Endpoint.swift */; };
		41B26DCF2C469E2E0005CEE1 /* AssetListFeture.swift in Sources */ = {isa = PBXBuildFile; fileRef = 41B26DCE2C469E2E0005CEE1 /* AssetListFeture.swift */; };
		41EE14DE2C4DB10300CEF256 /* ErrorView.swift in Sources */ = {isa = PBXBuildFile; fileRef = 41EE14DD2C4DB10300CEF256 /* ErrorView.swift */; };
		41EE14E02C4DB17000CEF256 /* AssetView.swift in Sources */ = {isa = PBXBuildFile; fileRef = 41EE14DF2C4DB17000CEF256 /* AssetView.swift */; };
		41EE14E32C4E353D00CEF256 /* Color.swift in Sources */ = {isa = PBXBuildFile; fileRef = 41EE14E22C4E353D00CEF256 /* Color.swift */; };
		41EE14E52C4E356100CEF256 /* String.swift in Sources */ = {isa = PBXBuildFile; fileRef = 41EE14E42C4E356100CEF256 /* String.swift */; };
/* End PBXBuildFile section */

/* Begin PBXFileReference section */
		41631B112C4569EC00C3861E /* CoinCap.app */ = {isa = PBXFileReference; explicitFileType = wrapper.application; includeInIndex = 0; path = CoinCap.app; sourceTree = BUILT_PRODUCTS_DIR; };
		41631B142C4569EC00C3861E /* CoinCapApp.swift */ = {isa = PBXFileReference; lastKnownFileType = sourcecode.swift; path = CoinCapApp.swift; sourceTree = "<group>"; };
		41631B162C4569EC00C3861E /* AssetListView.swift */ = {isa = PBXFileReference; lastKnownFileType = sourcecode.swift; path = AssetListView.swift; sourceTree = "<group>"; };
		41631B182C4569ED00C3861E /* Assets.xcassets */ = {isa = PBXFileReference; lastKnownFileType = folder.assetcatalog; path = Assets.xcassets; sourceTree = "<group>"; };
		41631B1B2C4569ED00C3861E /* Preview Assets.xcassets */ = {isa = PBXFileReference; lastKnownFileType = folder.assetcatalog; path = "Preview Assets.xcassets"; sourceTree = "<group>"; };
		41631B262C456C3600C3861E /* Asset.swift */ = {isa = PBXFileReference; lastKnownFileType = sourcecode.swift; path = Asset.swift; sourceTree = "<group>"; };
		41631B2C2C456DFA00C3861E /* APIError.swift */ = {isa = PBXFileReference; lastKnownFileType = sourcecode.swift; path = APIError.swift; sourceTree = "<group>"; };
		41631B2E2C45738000C3861E /* NetworkService.swift */ = {isa = PBXFileReference; lastKnownFileType = sourcecode.swift; path = NetworkService.swift; sourceTree = "<group>"; };
		41631B302C4573C300C3861E /* Endpoint.swift */ = {isa = PBXFileReference; lastKnownFileType = sourcecode.swift; path = Endpoint.swift; sourceTree = "<group>"; };
		41B26DCE2C469E2E0005CEE1 /* AssetListFeture.swift */ = {isa = PBXFileReference; lastKnownFileType = sourcecode.swift; path = AssetListFeture.swift; sourceTree = "<group>"; };
		41EE14DD2C4DB10300CEF256 /* ErrorView.swift */ = {isa = PBXFileReference; lastKnownFileType = sourcecode.swift; path = ErrorView.swift; sourceTree = "<group>"; };
		41EE14DF2C4DB17000CEF256 /* AssetView.swift */ = {isa = PBXFileReference; lastKnownFileType = sourcecode.swift; path = AssetView.swift; sourceTree = "<group>"; };
		41EE14E22C4E353D00CEF256 /* Color.swift */ = {isa = PBXFileReference; lastKnownFileType = sourcecode.swift; path = Color.swift; sourceTree = "<group>"; };
		41EE14E42C4E356100CEF256 /* String.swift */ = {isa = PBXFileReference; lastKnownFileType = sourcecode.swift; path = String.swift; sourceTree = "<group>"; };
/* End PBXFileReference section */

/* Begin PBXFrameworksBuildPhase section */
		41631B0E2C4569EC00C3861E /* Frameworks */ = {
			isa = PBXFrameworksBuildPhase;
			buildActionMask = 2147483647;
			files = (
				41631B242C456B5300C3861E /* ComposableArchitecture in Frameworks */,
			);
			runOnlyForDeploymentPostprocessing = 0;
		};
/* End PBXFrameworksBuildPhase section */

/* Begin PBXGroup section */
		41631B082C4569EC00C3861E = {
			isa = PBXGroup;
			children = (
				41631B132C4569EC00C3861E /* CoinCap */,
				41631B122C4569EC00C3861E /* Products */,
			);
			sourceTree = "<group>";
		};
		41631B122C4569EC00C3861E /* Products */ = {
			isa = PBXGroup;
			children = (
				41631B112C4569EC00C3861E /* CoinCap.app */,
			);
			name = Products;
			sourceTree = "<group>";
		};
		41631B132C4569EC00C3861E /* CoinCap */ = {
			isa = PBXGroup;
			children = (
				41D6EA592C51614700836CF3 /* Presentation */,
				41EE14E12C4E353500CEF256 /* Utilites */,
				41631B2B2C456DD600C3861E /* Networking */,
				41631B252C456C2400C3861E /* Model */,
				41631B142C4569EC00C3861E /* CoinCapApp.swift */,
				41B26DCE2C469E2E0005CEE1 /* AssetListFeture.swift */,
				41631B182C4569ED00C3861E /* Assets.xcassets */,
				41631B1A2C4569ED00C3861E /* Preview Content */,
			);
			path = CoinCap;
			sourceTree = "<group>";
		};
		41631B1A2C4569ED00C3861E /* Preview Content */ = {
			isa = PBXGroup;
			children = (
				41631B1B2C4569ED00C3861E /* Preview Assets.xcassets */,
			);
			path = "Preview Content";
			sourceTree = "<group>";
		};
		41631B252C456C2400C3861E /* Model */ = {
			isa = PBXGroup;
			children = (
				41631B262C456C3600C3861E /* Asset.swift */,
			);
			path = Model;
			sourceTree = "<group>";
		};
		41631B2B2C456DD600C3861E /* Networking */ = {
			isa = PBXGroup;
			children = (
				41631B2C2C456DFA00C3861E /* APIError.swift */,
				41631B302C4573C300C3861E /* Endpoint.swift */,
				41631B2E2C45738000C3861E /* NetworkService.swift */,
			);
			path = Networking;
			sourceTree = "<group>";
		};
		41D6EA592C51614700836CF3 /* Presentation */ = {
			isa = PBXGroup;
			children = (
				41631B162C4569EC00C3861E /* AssetListView.swift */,
				41EE14DF2C4DB17000CEF256 /* AssetView.swift */,
				41EE14DD2C4DB10300CEF256 /* ErrorView.swift */,
			);
			path = Presentation;
			sourceTree = "<group>";
		};
		41EE14E12C4E353500CEF256 /* Utilites */ = {
			isa = PBXGroup;
			children = (
				41EE14E22C4E353D00CEF256 /* Color.swift */,
				41EE14E42C4E356100CEF256 /* String.swift */,
			);
			path = Utilites;
			sourceTree = "<group>";
		};
/* End PBXGroup section */

/* Begin PBXNativeTarget section */
		41631B102C4569EC00C3861E /* CoinCap */ = {
			isa = PBXNativeTarget;
			buildConfigurationList = 41631B1F2C4569ED00C3861E /* Build configuration list for PBXNativeTarget "CoinCap" */;
			buildPhases = (
				41631B0D2C4569EC00C3861E /* Sources */,
				41631B0E2C4569EC00C3861E /* Frameworks */,
				41631B0F2C4569EC00C3861E /* Resources */,
			);
			buildRules = (
			);
			dependencies = (
			);
			name = CoinCap;
			packageProductDependencies = (
				41631B232C456B5300C3861E /* ComposableArchitecture */,
			);
			productName = CoinCap;
			productReference = 41631B112C4569EC00C3861E /* CoinCap.app */;
			productType = "com.apple.product-type.application";
		};
/* End PBXNativeTarget section */

/* Begin PBXProject section */
		41631B092C4569EC00C3861E /* Project object */ = {
			isa = PBXProject;
			attributes = {
				BuildIndependentTargetsInParallel = 1;
				LastSwiftUpdateCheck = 1530;
				LastUpgradeCheck = 1530;
				TargetAttributes = {
					41631B102C4569EC00C3861E = {
						CreatedOnToolsVersion = 15.3;
					};
				};
			};
			buildConfigurationList = 41631B0C2C4569EC00C3861E /* Build configuration list for PBXProject "CoinCap" */;
			compatibilityVersion = "Xcode 14.0";
			developmentRegion = en;
			hasScannedForEncodings = 0;
			knownRegions = (
				en,
				Base,
			);
			mainGroup = 41631B082C4569EC00C3861E;
			packageReferences = (
				41631B222C456B5300C3861E /* XCRemoteSwiftPackageReference "swift-composable-architecture" */,
			);
			productRefGroup = 41631B122C4569EC00C3861E /* Products */;
			projectDirPath = "";
			projectRoot = "";
			targets = (
				41631B102C4569EC00C3861E /* CoinCap */,
			);
		};
/* End PBXProject section */

/* Begin PBXResourcesBuildPhase section */
		41631B0F2C4569EC00C3861E /* Resources */ = {
			isa = PBXResourcesBuildPhase;
			buildActionMask = 2147483647;
			files = (
				41631B1C2C4569ED00C3861E /* Preview Assets.xcassets in Resources */,
				41631B192C4569ED00C3861E /* Assets.xcassets in Resources */,
			);
			runOnlyForDeploymentPostprocessing = 0;
		};
/* End PBXResourcesBuildPhase section */

/* Begin PBXSourcesBuildPhase section */
		41631B0D2C4569EC00C3861E /* Sources */ = {
			isa = PBXSourcesBuildPhase;
			buildActionMask = 2147483647;
			files = (
				41631B312C4573C300C3861E /* Endpoint.swift in Sources */,
				41EE14E32C4E353D00CEF256 /* Color.swift in Sources */,
				41631B272C456C3600C3861E /* Asset.swift in Sources */,
				41631B172C4569EC00C3861E /* AssetListView.swift in Sources */,
				41B26DCF2C469E2E0005CEE1 /* AssetListFeture.swift in Sources */,
				41EE14E52C4E356100CEF256 /* String.swift in Sources */,
				41631B2D2C456DFA00C3861E /* APIError.swift in Sources */,
				41631B2F2C45738000C3861E /* NetworkService.swift in Sources */,
				41EE14DE2C4DB10300CEF256 /* ErrorView.swift in Sources */,
				41631B152C4569EC00C3861E /* CoinCapApp.swift in Sources */,
				41EE14E02C4DB17000CEF256 /* AssetView.swift in Sources */,
			);
			runOnlyForDeploymentPostprocessing = 0;
		};
/* End PBXSourcesBuildPhase section */

/* Begin XCBuildConfiguration section */
		41631B1D2C4569ED00C3861E /* Debug */ = {
			isa = XCBuildConfiguration;
			buildSettings = {
				ALWAYS_SEARCH_USER_PATHS = NO;
				ASSETCATALOG_COMPILER_GENERATE_SWIFT_ASSET_SYMBOL_EXTENSIONS = YES;
				CLANG_ANALYZER_NONNULL = YES;
				CLANG_ANALYZER_NUMBER_OBJECT_CONVERSION = YES_AGGRESSIVE;
				CLANG_CXX_LANGUAGE_STANDARD = "gnu++20";
				CLANG_ENABLE_MODULES = YES;
				CLANG_ENABLE_OBJC_ARC = YES;
				CLANG_ENABLE_OBJC_WEAK = YES;
				CLANG_WARN_BLOCK_CAPTURE_AUTORELEASING = YES;
				CLANG_WARN_BOOL_CONVERSION = YES;
				CLANG_WARN_COMMA = YES;
				CLANG_WARN_CONSTANT_CONVERSION = YES;
				CLANG_WARN_DEPRECATED_OBJC_IMPLEMENTATIONS = YES;
				CLANG_WARN_DIRECT_OBJC_ISA_USAGE = YES_ERROR;
				CLANG_WARN_DOCUMENTATION_COMMENTS = YES;
				CLANG_WARN_EMPTY_BODY = YES;
				CLANG_WARN_ENUM_CONVERSION = YES;
				CLANG_WARN_INFINITE_RECURSION = YES;
				CLANG_WARN_INT_CONVERSION = YES;
				CLANG_WARN_NON_LITERAL_NULL_CONVERSION = YES;
				CLANG_WARN_OBJC_IMPLICIT_RETAIN_SELF = YES;
				CLANG_WARN_OBJC_LITERAL_CONVERSION = YES;
				CLANG_WARN_OBJC_ROOT_CLASS = YES_ERROR;
				CLANG_WARN_QUOTED_INCLUDE_IN_FRAMEWORK_HEADER = YES;
				CLANG_WARN_RANGE_LOOP_ANALYSIS = YES;
				CLANG_WARN_STRICT_PROTOTYPES = YES;
				CLANG_WARN_SUSPICIOUS_MOVE = YES;
				CLANG_WARN_UNGUARDED_AVAILABILITY = YES_AGGRESSIVE;
				CLANG_WARN_UNREACHABLE_CODE = YES;
				CLANG_WARN__DUPLICATE_METHOD_MATCH = YES;
				COPY_PHASE_STRIP = NO;
				DEBUG_INFORMATION_FORMAT = dwarf;
				ENABLE_STRICT_OBJC_MSGSEND = YES;
				ENABLE_TESTABILITY = YES;
				ENABLE_USER_SCRIPT_SANDBOXING = YES;
				GCC_C_LANGUAGE_STANDARD = gnu17;
				GCC_DYNAMIC_NO_PIC = NO;
				GCC_NO_COMMON_BLOCKS = YES;
				GCC_OPTIMIZATION_LEVEL = 0;
				GCC_PREPROCESSOR_DEFINITIONS = (
					"DEBUG=1",
					"$(inherited)",
				);
				GCC_WARN_64_TO_32_BIT_CONVERSION = YES;
				GCC_WARN_ABOUT_RETURN_TYPE = YES_ERROR;
				GCC_WARN_UNDECLARED_SELECTOR = YES;
				GCC_WARN_UNINITIALIZED_AUTOS = YES_AGGRESSIVE;
				GCC_WARN_UNUSED_FUNCTION = YES;
				GCC_WARN_UNUSED_VARIABLE = YES;
				IPHONEOS_DEPLOYMENT_TARGET = 17.4;
				LOCALIZATION_PREFERS_STRING_CATALOGS = YES;
				MTL_ENABLE_DEBUG_INFO = INCLUDE_SOURCE;
				MTL_FAST_MATH = YES;
				ONLY_ACTIVE_ARCH = YES;
				SDKROOT = iphoneos;
				SWIFT_ACTIVE_COMPILATION_CONDITIONS = "DEBUG $(inherited)";
				SWIFT_OPTIMIZATION_LEVEL = "-Onone";
			};
			name = Debug;
		};
		41631B1E2C4569ED00C3861E /* Release */ = {
			isa = XCBuildConfiguration;
			buildSettings = {
				ALWAYS_SEARCH_USER_PATHS = NO;
				ASSETCATALOG_COMPILER_GENERATE_SWIFT_ASSET_SYMBOL_EXTENSIONS = YES;
				CLANG_ANALYZER_NONNULL = YES;
				CLANG_ANALYZER_NUMBER_OBJECT_CONVERSION = YES_AGGRESSIVE;
				CLANG_CXX_LANGUAGE_STANDARD = "gnu++20";
				CLANG_ENABLE_MODULES = YES;
				CLANG_ENABLE_OBJC_ARC = YES;
				CLANG_ENABLE_OBJC_WEAK = YES;
				CLANG_WARN_BLOCK_CAPTURE_AUTORELEASING = YES;
				CLANG_WARN_BOOL_CONVERSION = YES;
				CLANG_WARN_COMMA = YES;
				CLANG_WARN_CONSTANT_CONVERSION = YES;
				CLANG_WARN_DEPRECATED_OBJC_IMPLEMENTATIONS = YES;
				CLANG_WARN_DIRECT_OBJC_ISA_USAGE = YES_ERROR;
				CLANG_WARN_DOCUMENTATION_COMMENTS = YES;
				CLANG_WARN_EMPTY_BODY = YES;
				CLANG_WARN_ENUM_CONVERSION = YES;
				CLANG_WARN_INFINITE_RECURSION = YES;
				CLANG_WARN_INT_CONVERSION = YES;
				CLANG_WARN_NON_LITERAL_NULL_CONVERSION = YES;
				CLANG_WARN_OBJC_IMPLICIT_RETAIN_SELF = YES;
				CLANG_WARN_OBJC_LITERAL_CONVERSION = YES;
				CLANG_WARN_OBJC_ROOT_CLASS = YES_ERROR;
				CLANG_WARN_QUOTED_INCLUDE_IN_FRAMEWORK_HEADER = YES;
				CLANG_WARN_RANGE_LOOP_ANALYSIS = YES;
				CLANG_WARN_STRICT_PROTOTYPES = YES;
				CLANG_WARN_SUSPICIOUS_MOVE = YES;
				CLANG_WARN_UNGUARDED_AVAILABILITY = YES_AGGRESSIVE;
				CLANG_WARN_UNREACHABLE_CODE = YES;
				CLANG_WARN__DUPLICATE_METHOD_MATCH = YES;
				COPY_PHASE_STRIP = NO;
				DEBUG_INFORMATION_FORMAT = "dwarf-with-dsym";
				ENABLE_NS_ASSERTIONS = NO;
				ENABLE_STRICT_OBJC_MSGSEND = YES;
				ENABLE_USER_SCRIPT_SANDBOXING = YES;
				GCC_C_LANGUAGE_STANDARD = gnu17;
				GCC_NO_COMMON_BLOCKS = YES;
				GCC_WARN_64_TO_32_BIT_CONVERSION = YES;
				GCC_WARN_ABOUT_RETURN_TYPE = YES_ERROR;
				GCC_WARN_UNDECLARED_SELECTOR = YES;
				GCC_WARN_UNINITIALIZED_AUTOS = YES_AGGRESSIVE;
				GCC_WARN_UNUSED_FUNCTION = YES;
				GCC_WARN_UNUSED_VARIABLE = YES;
				IPHONEOS_DEPLOYMENT_TARGET = 17.4;
				LOCALIZATION_PREFERS_STRING_CATALOGS = YES;
				MTL_ENABLE_DEBUG_INFO = NO;
				MTL_FAST_MATH = YES;
				SDKROOT = iphoneos;
				SWIFT_COMPILATION_MODE = wholemodule;
				VALIDATE_PRODUCT = YES;
			};
			name = Release;
		};
		41631B202C4569ED00C3861E /* Debug */ = {
			isa = XCBuildConfiguration;
			buildSettings = {
				ASSETCATALOG_COMPILER_APPICON_NAME = AppIcon;
				ASSETCATALOG_COMPILER_GLOBAL_ACCENT_COLOR_NAME = AccentColor;
				CODE_SIGN_STYLE = Manual;
				CURRENT_PROJECT_VERSION = 1;
				DEVELOPMENT_ASSET_PATHS = "\"CoinCap/Preview Content\"";
				DEVELOPMENT_TEAM = "";
				ENABLE_PREVIEWS = YES;
				GENERATE_INFOPLIST_FILE = YES;
				INFOPLIST_KEY_UIApplicationSceneManifest_Generation = YES;
				INFOPLIST_KEY_UIApplicationSupportsIndirectInputEvents = YES;
				INFOPLIST_KEY_UILaunchScreen_Generation = YES;
				INFOPLIST_KEY_UISupportedInterfaceOrientations_iPad = "UIInterfaceOrientationPortrait UIInterfaceOrientationPortraitUpsideDown UIInterfaceOrientationLandscapeLeft UIInterfaceOrientationLandscapeRight";
				INFOPLIST_KEY_UISupportedInterfaceOrientations_iPhone = "UIInterfaceOrientationPortrait UIInterfaceOrientationLandscapeLeft UIInterfaceOrientationLandscapeRight";
				LD_RUNPATH_SEARCH_PATHS = (
					"$(inherited)",
					"@executable_path/Frameworks",
				);
				MARKETING_VERSION = 1.0;
				PRODUCT_BUNDLE_IDENTIFIER = Yarmolchuk.CoinCap;
				PRODUCT_NAME = "$(TARGET_NAME)";
				PROVISIONING_PROFILE_SPECIFIER = "";
				SWIFT_EMIT_LOC_STRINGS = YES;
				SWIFT_VERSION = 5.0;
				TARGETED_DEVICE_FAMILY = "1,2";
			};
			name = Debug;
		};
		41631B212C4569ED00C3861E /* Release */ = {
			isa = XCBuildConfiguration;
			buildSettings = {
				ASSETCATALOG_COMPILER_APPICON_NAME = AppIcon;
				ASSETCATALOG_COMPILER_GLOBAL_ACCENT_COLOR_NAME = AccentColor;
				CODE_SIGN_STYLE = Manual;
				CURRENT_PROJECT_VERSION = 1;
				DEVELOPMENT_ASSET_PATHS = "\"CoinCap/Preview Content\"";
				DEVELOPMENT_TEAM = "";
				ENABLE_PREVIEWS = YES;
				GENERATE_INFOPLIST_FILE = YES;
				INFOPLIST_KEY_UIApplicationSceneManifest_Generation = YES;
				INFOPLIST_KEY_UIApplicationSupportsIndirectInputEvents = YES;
				INFOPLIST_KEY_UILaunchScreen_Generation = YES;
				INFOPLIST_KEY_UISupportedInterfaceOrientations_iPad = "UIInterfaceOrientationPortrait UIInterfaceOrientationPortraitUpsideDown UIInterfaceOrientationLandscapeLeft UIInterfaceOrientationLandscapeRight";
				INFOPLIST_KEY_UISupportedInterfaceOrientations_iPhone = "UIInterfaceOrientationPortrait UIInterfaceOrientationLandscapeLeft UIInterfaceOrientationLandscapeRight";
				LD_RUNPATH_SEARCH_PATHS = (
					"$(inherited)",
					"@executable_path/Frameworks",
				);
				MARKETING_VERSION = 1.0;
				PRODUCT_BUNDLE_IDENTIFIER = Yarmolchuk.CoinCap;
				PRODUCT_NAME = "$(TARGET_NAME)";
				PROVISIONING_PROFILE_SPECIFIER = "";
				SWIFT_EMIT_LOC_STRINGS = YES;
				SWIFT_VERSION = 5.0;
				TARGETED_DEVICE_FAMILY = "1,2";
			};
			name = Release;
		};
/* End XCBuildConfiguration section */

/* Begin XCConfigurationList section */
		41631B0C2C4569EC00C3861E /* Build configuration list for PBXProject "CoinCap" */ = {
			isa = XCConfigurationList;
			buildConfigurations = (
				41631B1D2C4569ED00C3861E /* Debug */,
				41631B1E2C4569ED00C3861E /* Release */,
			);
			defaultConfigurationIsVisible = 0;
			defaultConfigurationName = Release;
		};
		41631B1F2C4569ED00C3861E /* Build configuration list for PBXNativeTarget "CoinCap" */ = {
			isa = XCConfigurationList;
			buildConfigurations = (
				41631B202C4569ED00C3861E /* Debug */,
				41631B212C4569ED00C3861E /* Release */,
			);
			defaultConfigurationIsVisible = 0;
			defaultConfigurationName = Release;
		};
/* End XCConfigurationList section */

/* Begin XCRemoteSwiftPackageReference section */
		41631B222C456B5300C3861E /* XCRemoteSwiftPackageReference "swift-composable-architecture" */ = {
			isa = XCRemoteSwiftPackageReference;
			repositoryURL = "https://github.com/pointfreeco/swift-composable-architecture";
			requirement = {
				kind = exactVersion;
				version = 1.11.2;
			};
		};
/* End XCRemoteSwiftPackageReference section */

/* Begin XCSwiftPackageProductDependency section */
		41631B232C456B5300C3861E /* ComposableArchitecture */ = {
			isa = XCSwiftPackageProductDependency;
			package = 41631B222C456B5300C3861E /* XCRemoteSwiftPackageReference "swift-composable-architecture" */;
			productName = ComposableArchitecture;
		};
/* End XCSwiftPackageProductDependency section */
	};
	rootObject = 41631B092C4569EC00C3861E /* Project object */;
}
